
Microsoft Visual Studio Solution File, Format Version 12.00
# Visual Studio Version 16
VisualStudioVersion = 16.0.30413.136
MinimumVisualStudioVersion = 10.0.40219.1
Project("{FAE04EC0-301F-11D3-BF4B-00C04F79EFBC}") = "EFCoreSQLiteXamarin.Android", "EFCoreSQLiteXamarin\EFCoreSQLiteXamarin.Android\EFCoreSQLiteXamarin.Android.csproj", "{73423FB0-3117-463C-9FFB-5300EE51E9DB}"
EndProject
Project("{FAE04EC0-301F-11D3-BF4B-00C04F79EFBC}") = "EFCoreSQLiteXamarin", "EFCoreSQLiteXamarin\EFCoreSQLiteXamarin\EFCoreSQLiteXamarin.csproj", "{206380CD-33E1-4745-859B-1B417C4B6CD2}"
EndProject
Global
	GlobalSection(SolutionConfigurationPlatforms) = preSolution
		Debug|Any CPU = Debug|Any CPU
		Release|Any CPU = Release|Any CPU
	EndGlobalSection
	GlobalSection(ProjectConfigurationPlatforms) = postSolution
		{73423FB0-3117-463C-9FFB-5300EE51E9DB}.Debug|Any CPU.ActiveCfg = Debug|Any CPU
		{73423FB0-3117-463C-9FFB-5300EE51E9DB}.Debug|Any CPU.Build.0 = Debug|Any CPU
		{73423FB0-3117-463C-9FFB-5300EE51E9DB}.Debug|Any CPU.Deploy.0 = Debug|Any CPU
		{73423FB0-3117-463C-9FFB-5300EE51E9DB}.Release|Any CPU.ActiveCfg = Release|Any CPU
		{73423FB0-3117-463C-9FFB-5300EE51E9DB}.Release|Any CPU.Build.0 = Release|Any CPU
		{73423FB0-3117-463C-9FFB-5300EE51E9DB}.Release|Any CPU.Deploy.0 = Release|Any CPU
		{206380CD-33E1-4745-859B-1B417C4B6CD2}.Debug|Any CPU.ActiveCfg = Debug|Any CPU
		{206380CD-33E1-4745-859B-1B417C4B6CD2}.Debug|Any CPU.Build.0 = Debug|Any CPU
		{206380CD-33E1-4745-859B-1B417C4B6CD2}.Debug|Any CPU.Deploy.0 = Debug|Any CPU
		{206380CD-33E1-4745-859B-1B417C4B6CD2}.Release|Any CPU.ActiveCfg = Release|Any CPU
		{206380CD-33E1-4745-859B-1B417C4B6CD2}.Release|Any CPU.Build.0 = Release|Any CPU
		{206380CD-33E1-4745-859B-1B417C4B6CD2}.Release|Any CPU.Deploy.0 = Release|Any CPU
	EndGlobalSection
	GlobalSection(SolutionProperties) = preSolution
		HideSolutionNode = FALSE
	EndGlobalSection
	GlobalSection(ExtensibilityGlobals) = postSolution
		SolutionGuid = {93DB02C1-E460-4B07-85DC-AD6DD8239654}
	EndGlobalSection
EndGlobal
